
Microsoft Visual Studio Solution File, Format Version 12.00
# Visual Studio Version 16
VisualStudioVersion = 16.0.28803.156
MinimumVisualStudioVersion = 10.0.40219.1
Project("{8BC9CEB8-8B4A-11D0-8D11-00A0C91BC942}") = "SeamingCloth", "SeamingCloth\SeamingCloth.vcxproj", "{214666E0-7579-4853-9D2B-30EC7E95C925}"
EndProject
Project("{8BC9CEB8-8B4A-11D0-8D11-00A0C91BC942}") = "BBoxTestSample", "BBoxTestSample\BBoxTestSample.vcxproj", "{83B4B3D8-8BC4-4293-80ED-1AF99B150485}"
EndProject
Global
	GlobalSection(SolutionConfigurationPlatforms) = preSolution
		Debug|x64 = Debug|x64
		Debug|x86 = Debug|x86
		Release|x64 = Release|x64
		Release|x86 = Release|x86
	EndGlobalSection
	GlobalSection(ProjectConfigurationPlatforms) = postSolution
		{214666E0-7579-4853-9D2B-30EC7E95C925}.Debug|x64.ActiveCfg = Debug|x64
		{214666E0-7579-4853-9D2B-30EC7E95C925}.Debug|x64.Build.0 = Debug|x64
		{214666E0-7579-4853-9D2B-30EC7E95C925}.Debug|x86.ActiveCfg = Debug|Win32
		{214666E0-7579-4853-9D2B-30EC7E95C925}.Debug|x86.Build.0 = Debug|Win32
		{214666E0-7579-4853-9D2B-30EC7E95C925}.Release|x64.ActiveCfg = Release|x64
		{214666E0-7579-4853-9D2B-30EC7E95C925}.Release|x64.Build.0 = Release|x64
		{214666E0-7579-4853-9D2B-30EC7E95C925}.Release|x86.ActiveCfg = Release|Win32
		{214666E0-7579-4853-9D2B-30EC7E95C925}.Release|x86.Build.0 = Release|Win32
		{83B4B3D8-8BC4-4293-80ED-1AF99B150485}.Debug|x64.ActiveCfg = Debug|x64
		{83B4B3D8-8BC4-4293-80ED-1AF99B150485}.Debug|x64.Build.0 = Debug|x64
		{83B4B3D8-8BC4-4293-80ED-1AF99B150485}.Debug|x86.ActiveCfg = Debug|Win32
		{83B4B3D8-8BC4-4293-80ED-1AF99B150485}.Debug|x86.Build.0 = Debug|Win32
		{83B4B3D8-8BC4-4293-80ED-1AF99B150485}.Release|x64.ActiveCfg = Release|x64
		{83B4B3D8-8BC4-4293-80ED-1AF99B150485}.Release|x64.Build.0 = Release|x64
		{83B4B3D8-8BC4-4293-80ED-1AF99B150485}.Release|x86.ActiveCfg = Release|Win32
		{83B4B3D8-8BC4-4293-80ED-1AF99B150485}.Release|x86.Build.0 = Release|Win32
	EndGlobalSection
	GlobalSection(SolutionProperties) = preSolution
		HideSolutionNode = FALSE
	EndGlobalSection
	GlobalSection(ExtensibilityGlobals) = postSolution
		SolutionGuid = {36F0E9ED-CF6C-411E-8D1F-35E0311872E4}
	EndGlobalSection
EndGlobal
